// !$*UTF8*$!
{
	archiveVersion = 1;
	classes = {
	};
	objectVersion = 77;
	objects = {

/* Begin PBXBuildFile section */
		9F12B5412CF5C3CB0018C2E7 /* WidgetKit.framework in Frameworks */ = {isa = PBXBuildFile; fileRef = 9F12B5402CF5C3CA0018C2E7 /* WidgetKit.framework */; };
		9F12B5432CF5C3CB0018C2E7 /* SwiftUI.framework in Frameworks */ = {isa = PBXBuildFile; fileRef = 9F12B5422CF5C3CB0018C2E7 /* SwiftUI.framework */; };
		9F12B5502CF5C3CC0018C2E7 /* SubbMeWidgetExtension.appex in Embed Foundation Extensions */ = {isa = PBXBuildFile; fileRef = 9F12B53E2CF5C3CA0018C2E7 /* SubbMeWidgetExtension.appex */; settings = {ATTRIBUTES = (RemoveHeadersOnCopy, ); }; };
		9F40ECDD2CE6130600CA596A /* SuperValidator in Frameworks */ = {isa = PBXBuildFile; productRef = 9F40ECDC2CE6130600CA596A /* SuperValidator */; };
		9F998EC32CF0AC0000DFFB7C /* Factory in Frameworks */ = {isa = PBXBuildFile; productRef = 9F998EC22CF0AC0000DFFB7C /* Factory */; };
		9F998F8C2CF1F95500DFFB7C /* KeychainSwift in Frameworks */ = {isa = PBXBuildFile; productRef = 9F998F8B2CF1F95500DFFB7C /* KeychainSwift */; };
/* End PBXBuildFile section */

/* Begin PBXContainerItemProxy section */
		9F12B54E2CF5C3CC0018C2E7 /* PBXContainerItemProxy */ = {
			isa = PBXContainerItemProxy;
			containerPortal = 9FE722662CDCF86800EF907C /* Project object */;
			proxyType = 1;
			remoteGlobalIDString = 9F12B53D2CF5C3CA0018C2E7;
			remoteInfo = SubbMeWidgetExtension;
		};
/* End PBXContainerItemProxy section */

/* Begin PBXCopyFilesBuildPhase section */
		9F12B5512CF5C3CC0018C2E7 /* Embed Foundation Extensions */ = {
			isa = PBXCopyFilesBuildPhase;
			buildActionMask = 2147483647;
			dstPath = "";
			dstSubfolderSpec = 13;
			files = (
				9F12B5502CF5C3CC0018C2E7 /* SubbMeWidgetExtension.appex in Embed Foundation Extensions */,
			);
			name = "Embed Foundation Extensions";
			runOnlyForDeploymentPostprocessing = 0;
		};
/* End PBXCopyFilesBuildPhase section */

/* Begin PBXFileReference section */
		9F12B53E2CF5C3CA0018C2E7 /* SubbMeWidgetExtension.appex */ = {isa = PBXFileReference; explicitFileType = "wrapper.app-extension"; includeInIndex = 0; path = SubbMeWidgetExtension.appex; sourceTree = BUILT_PRODUCTS_DIR; };
		9F12B5402CF5C3CA0018C2E7 /* WidgetKit.framework */ = {isa = PBXFileReference; lastKnownFileType = wrapper.framework; name = WidgetKit.framework; path = System/Library/Frameworks/WidgetKit.framework; sourceTree = SDKROOT; };
		9F12B5422CF5C3CB0018C2E7 /* SwiftUI.framework */ = {isa = PBXFileReference; lastKnownFileType = wrapper.framework; name = SwiftUI.framework; path = System/Library/Frameworks/SwiftUI.framework; sourceTree = SDKROOT; };
		9F12B5572CF5D0010018C2E7 /* SubbMeWidgetExtension.entitlements */ = {isa = PBXFileReference; lastKnownFileType = text.plist.entitlements; path = SubbMeWidgetExtension.entitlements; sourceTree = "<group>"; };
		9FE7226E2CDCF86800EF907C /* SubbMe.app */ = {isa = PBXFileReference; explicitFileType = wrapper.application; includeInIndex = 0; path = SubbMe.app; sourceTree = BUILT_PRODUCTS_DIR; };
/* End PBXFileReference section */

/* Begin PBXFileSystemSynchronizedBuildFileExceptionSet section */
		9F12B5552CF5C3CC0018C2E7 /* Exceptions for "SubbMeWidget" folder in "SubbMeWidgetExtension" target */ = {
			isa = PBXFileSystemSynchronizedBuildFileExceptionSet;
			membershipExceptions = (
				Info.plist,
			);
			target = 9F12B53D2CF5C3CA0018C2E7 /* SubbMeWidgetExtension */;
		};
		9F12B5592CF5D0C10018C2E7 /* Exceptions for "SubbMe" folder in "SubbMeWidgetExtension" target */ = {
			isa = PBXFileSystemSynchronizedBuildFileExceptionSet;
			membershipExceptions = (
				Features/Subscriptions/Models/Subscription.swift,
				Features/Subscriptions/Models/SubscriptionType.swift,
				"Utilities/Extensions/Date+FormattedString.swift",
				"Utilities/Extensions/Double+AsPrice.swift",
				"Utilities/Extensions/String+CapitalizedFirstLetter.swift",
			);
			target = 9F12B53D2CF5C3CA0018C2E7 /* SubbMeWidgetExtension */;
		};
		9F9990002CF2073500DFFB7C /* Exceptions for "SubbMe" folder in "SubbMe" target */ = {
			isa = PBXFileSystemSynchronizedBuildFileExceptionSet;
			membershipExceptions = (
				Info.plist,
			);
			target = 9FE7226D2CDCF86800EF907C /* SubbMe */;
		};
/* End PBXFileSystemSynchronizedBuildFileExceptionSet section */

/* Begin PBXFileSystemSynchronizedRootGroup section */
		9F12B5442CF5C3CB0018C2E7 /* SubbMeWidget */ = {
			isa = PBXFileSystemSynchronizedRootGroup;
			exceptions = (
				9F12B5552CF5C3CC0018C2E7 /* Exceptions for "SubbMeWidget" folder in "SubbMeWidgetExtension" target */,
			);
			path = SubbMeWidget;
			sourceTree = "<group>";
		};
		9FE722702CDCF86800EF907C /* SubbMe */ = {
			isa = PBXFileSystemSynchronizedRootGroup;
			exceptions = (
				9F9990002CF2073500DFFB7C /* Exceptions for "SubbMe" folder in "SubbMe" target */,
				9F12B5592CF5D0C10018C2E7 /* Exceptions for "SubbMe" folder in "SubbMeWidgetExtension" target */,
			);
			path = SubbMe;
			sourceTree = "<group>";
		};
/* End PBXFileSystemSynchronizedRootGroup section */

/* Begin PBXFrameworksBuildPhase section */
		9F12B53B2CF5C3CA0018C2E7 /* Frameworks */ = {
			isa = PBXFrameworksBuildPhase;
			buildActionMask = 2147483647;
			files = (
				9F12B5432CF5C3CB0018C2E7 /* SwiftUI.framework in Frameworks */,
				9F12B5412CF5C3CB0018C2E7 /* WidgetKit.framework in Frameworks */,
			);
			runOnlyForDeploymentPostprocessing = 0;
		};
		9FE7226B2CDCF86800EF907C /* Frameworks */ = {
			isa = PBXFrameworksBuildPhase;
			buildActionMask = 2147483647;
			files = (
				9F998F8C2CF1F95500DFFB7C /* KeychainSwift in Frameworks */,
				9F40ECDD2CE6130600CA596A /* SuperValidator in Frameworks */,
				9F998EC32CF0AC0000DFFB7C /* Factory in Frameworks */,
			);
			runOnlyForDeploymentPostprocessing = 0;
		};
/* End PBXFrameworksBuildPhase section */

/* Begin PBXGroup section */
		9F12B53F2CF5C3CA0018C2E7 /* Frameworks */ = {
			isa = PBXGroup;
			children = (
				9F12B5402CF5C3CA0018C2E7 /* WidgetKit.framework */,
				9F12B5422CF5C3CB0018C2E7 /* SwiftUI.framework */,
			);
			name = Frameworks;
			sourceTree = "<group>";
		};
		9FE722652CDCF86800EF907C = {
			isa = PBXGroup;
			children = (
				9F12B5572CF5D0010018C2E7 /* SubbMeWidgetExtension.entitlements */,
				9FE722702CDCF86800EF907C /* SubbMe */,
				9F12B5442CF5C3CB0018C2E7 /* SubbMeWidget */,
				9F12B53F2CF5C3CA0018C2E7 /* Frameworks */,
				9FE7226F2CDCF86800EF907C /* Products */,
			);
			sourceTree = "<group>";
		};
		9FE7226F2CDCF86800EF907C /* Products */ = {
			isa = PBXGroup;
			children = (
				9FE7226E2CDCF86800EF907C /* SubbMe.app */,
				9F12B53E2CF5C3CA0018C2E7 /* SubbMeWidgetExtension.appex */,
			);
			name = Products;
			sourceTree = "<group>";
		};
/* End PBXGroup section */

/* Begin PBXNativeTarget section */
		9F12B53D2CF5C3CA0018C2E7 /* SubbMeWidgetExtension */ = {
			isa = PBXNativeTarget;
			buildConfigurationList = 9F12B5542CF5C3CC0018C2E7 /* Build configuration list for PBXNativeTarget "SubbMeWidgetExtension" */;
			buildPhases = (
				9F12B53A2CF5C3CA0018C2E7 /* Sources */,
				9F12B53B2CF5C3CA0018C2E7 /* Frameworks */,
				9F12B53C2CF5C3CA0018C2E7 /* Resources */,
			);
			buildRules = (
			);
			dependencies = (
			);
			fileSystemSynchronizedGroups = (
				9F12B5442CF5C3CB0018C2E7 /* SubbMeWidget */,
			);
			name = SubbMeWidgetExtension;
			packageProductDependencies = (
			);
			productName = SubbMeWidgetExtension;
			productReference = 9F12B53E2CF5C3CA0018C2E7 /* SubbMeWidgetExtension.appex */;
			productType = "com.apple.product-type.app-extension";
		};
		9FE7226D2CDCF86800EF907C /* SubbMe */ = {
			isa = PBXNativeTarget;
			buildConfigurationList = 9FE7227C2CDCF86900EF907C /* Build configuration list for PBXNativeTarget "SubbMe" */;
			buildPhases = (
				9FE7226A2CDCF86800EF907C /* Sources */,
				9FE7226B2CDCF86800EF907C /* Frameworks */,
				9FE7226C2CDCF86800EF907C /* Resources */,
				9F12B5512CF5C3CC0018C2E7 /* Embed Foundation Extensions */,
			);
			buildRules = (
			);
			dependencies = (
				9F12B54F2CF5C3CC0018C2E7 /* PBXTargetDependency */,
			);
			fileSystemSynchronizedGroups = (
				9FE722702CDCF86800EF907C /* SubbMe */,
			);
			name = SubbMe;
			packageProductDependencies = (
				9F40ECDC2CE6130600CA596A /* SuperValidator */,
				9F998EC22CF0AC0000DFFB7C /* Factory */,
				9F998F8B2CF1F95500DFFB7C /* KeychainSwift */,
			);
			productName = SubbMe;
			productReference = 9FE7226E2CDCF86800EF907C /* SubbMe.app */;
			productType = "com.apple.product-type.application";
		};
/* End PBXNativeTarget section */

/* Begin PBXProject section */
		9FE722662CDCF86800EF907C /* Project object */ = {
			isa = PBXProject;
			attributes = {
				BuildIndependentTargetsInParallel = 1;
				LastSwiftUpdateCheck = 1610;
				LastUpgradeCheck = 1610;
				TargetAttributes = {
					9F12B53D2CF5C3CA0018C2E7 = {
						CreatedOnToolsVersion = 16.1;
					};
					9FE7226D2CDCF86800EF907C = {
						CreatedOnToolsVersion = 16.1;
					};
				};
			};
			buildConfigurationList = 9FE722692CDCF86800EF907C /* Build configuration list for PBXProject "SubbMe" */;
			developmentRegion = en;
			hasScannedForEncodings = 0;
			knownRegions = (
				en,
				Base,
			);
			mainGroup = 9FE722652CDCF86800EF907C;
			minimizedProjectReferenceProxies = 1;
			packageReferences = (
				9F40ECDB2CE6130600CA596A /* XCRemoteSwiftPackageReference "ios-supervalidator" */,
				9F998EC12CF0AC0000DFFB7C /* XCRemoteSwiftPackageReference "Factory" */,
				9F998F8A2CF1F95500DFFB7C /* XCRemoteSwiftPackageReference "keychain-swift" */,
			);
			preferredProjectObjectVersion = 77;
			productRefGroup = 9FE7226F2CDCF86800EF907C /* Products */;
			projectDirPath = "";
			projectRoot = "";
			targets = (
				9FE7226D2CDCF86800EF907C /* SubbMe */,
				9F12B53D2CF5C3CA0018C2E7 /* SubbMeWidgetExtension */,
			);
		};
/* End PBXProject section */

/* Begin PBXResourcesBuildPhase section */
		9F12B53C2CF5C3CA0018C2E7 /* Resources */ = {
			isa = PBXResourcesBuildPhase;
			buildActionMask = 2147483647;
			files = (
			);
			runOnlyForDeploymentPostprocessing = 0;
		};
		9FE7226C2CDCF86800EF907C /* Resources */ = {
			isa = PBXResourcesBuildPhase;
			buildActionMask = 2147483647;
			files = (
			);
			runOnlyForDeploymentPostprocessing = 0;
		};
/* End PBXResourcesBuildPhase section */

/* Begin PBXSourcesBuildPhase section */
		9F12B53A2CF5C3CA0018C2E7 /* Sources */ = {
			isa = PBXSourcesBuildPhase;
			buildActionMask = 2147483647;
			files = (
			);
			runOnlyForDeploymentPostprocessing = 0;
		};
		9FE7226A2CDCF86800EF907C /* Sources */ = {
			isa = PBXSourcesBuildPhase;
			buildActionMask = 2147483647;
			files = (
			);
			runOnlyForDeploymentPostprocessing = 0;
		};
/* End PBXSourcesBuildPhase section */

/* Begin PBXTargetDependency section */
		9F12B54F2CF5C3CC0018C2E7 /* PBXTargetDependency */ = {
			isa = PBXTargetDependency;
			target = 9F12B53D2CF5C3CA0018C2E7 /* SubbMeWidgetExtension */;
			targetProxy = 9F12B54E2CF5C3CC0018C2E7 /* PBXContainerItemProxy */;
		};
/* End PBXTargetDependency section */

/* Begin XCBuildConfiguration section */
		9F12B5522CF5C3CC0018C2E7 /* Debug */ = {
			isa = XCBuildConfiguration;
			buildSettings = {
				ASSETCATALOG_COMPILER_GLOBAL_ACCENT_COLOR_NAME = AccentColor;
				ASSETCATALOG_COMPILER_WIDGET_BACKGROUND_COLOR_NAME = WidgetBackground;
				CODE_SIGN_ENTITLEMENTS = SubbMeWidgetExtension.entitlements;
				CODE_SIGN_STYLE = Automatic;
				CURRENT_PROJECT_VERSION = 1;
				DEVELOPMENT_TEAM = 42K3XR96WP;
				GENERATE_INFOPLIST_FILE = YES;
				INFOPLIST_FILE = SubbMeWidget/Info.plist;
				INFOPLIST_KEY_CFBundleDisplayName = SubbMeWidget;
				INFOPLIST_KEY_NSHumanReadableCopyright = "";
				LD_RUNPATH_SEARCH_PATHS = (
					"$(inherited)",
					"@executable_path/Frameworks",
					"@executable_path/../../Frameworks",
				);
				MARKETING_VERSION = 1.0;
				PRODUCT_BUNDLE_IDENTIFIER = com.wojciechkoziol.SubbMe.SubbMeWidget;
				PRODUCT_NAME = "$(TARGET_NAME)";
				SKIP_INSTALL = YES;
				SWIFT_EMIT_LOC_STRINGS = YES;
				SWIFT_VERSION = 5.0;
				TARGETED_DEVICE_FAMILY = "1,2";
			};
			name = Debug;
		};
		9F12B5532CF5C3CC0018C2E7 /* Release */ = {
			isa = XCBuildConfiguration;
			buildSettings = {
				ASSETCATALOG_COMPILER_GLOBAL_ACCENT_COLOR_NAME = AccentColor;
				ASSETCATALOG_COMPILER_WIDGET_BACKGROUND_COLOR_NAME = WidgetBackground;
				CODE_SIGN_ENTITLEMENTS = SubbMeWidgetExtension.entitlements;
				CODE_SIGN_STYLE = Automatic;
				CURRENT_PROJECT_VERSION = 1;
				DEVELOPMENT_TEAM = 42K3XR96WP;
				GENERATE_INFOPLIST_FILE = YES;
				INFOPLIST_FILE = SubbMeWidget/Info.plist;
				INFOPLIST_KEY_CFBundleDisplayName = SubbMeWidget;
				INFOPLIST_KEY_NSHumanReadableCopyright = "";
				LD_RUNPATH_SEARCH_PATHS = (
					"$(inherited)",
					"@executable_path/Frameworks",
					"@executable_path/../../Frameworks",
				);
				MARKETING_VERSION = 1.0;
				PRODUCT_BUNDLE_IDENTIFIER = com.wojciechkoziol.SubbMe.SubbMeWidget;
				PRODUCT_NAME = "$(TARGET_NAME)";
				SKIP_INSTALL = YES;
				SWIFT_EMIT_LOC_STRINGS = YES;
				SWIFT_VERSION = 5.0;
				TARGETED_DEVICE_FAMILY = "1,2";
			};
			name = Release;
		};
		9FE7227A2CDCF86900EF907C /* Debug */ = {
			isa = XCBuildConfiguration;
			buildSettings = {
				ALWAYS_SEARCH_USER_PATHS = NO;
				ASSETCATALOG_COMPILER_GENERATE_SWIFT_ASSET_SYMBOL_EXTENSIONS = YES;
				CLANG_ANALYZER_NONNULL = YES;
				CLANG_ANALYZER_NUMBER_OBJECT_CONVERSION = YES_AGGRESSIVE;
				CLANG_CXX_LANGUAGE_STANDARD = "gnu++20";
				CLANG_ENABLE_MODULES = YES;
				CLANG_ENABLE_OBJC_ARC = YES;
				CLANG_ENABLE_OBJC_WEAK = YES;
				CLANG_WARN_BLOCK_CAPTURE_AUTORELEASING = YES;
				CLANG_WARN_BOOL_CONVERSION = YES;
				CLANG_WARN_COMMA = YES;
				CLANG_WARN_CONSTANT_CONVERSION = YES;
				CLANG_WARN_DEPRECATED_OBJC_IMPLEMENTATIONS = YES;
				CLANG_WARN_DIRECT_OBJC_ISA_USAGE = YES_ERROR;
				CLANG_WARN_DOCUMENTATION_COMMENTS = YES;
				CLANG_WARN_EMPTY_BODY = YES;
				CLANG_WARN_ENUM_CONVERSION = YES;
				CLANG_WARN_INFINITE_RECURSION = YES;
				CLANG_WARN_INT_CONVERSION = YES;
				CLANG_WARN_NON_LITERAL_NULL_CONVERSION = YES;
				CLANG_WARN_OBJC_IMPLICIT_RETAIN_SELF = YES;
				CLANG_WARN_OBJC_LITERAL_CONVERSION = YES;
				CLANG_WARN_OBJC_ROOT_CLASS = YES_ERROR;
				CLANG_WARN_QUOTED_INCLUDE_IN_FRAMEWORK_HEADER = YES;
				CLANG_WARN_RANGE_LOOP_ANALYSIS = YES;
				CLANG_WARN_STRICT_PROTOTYPES = YES;
				CLANG_WARN_SUSPICIOUS_MOVE = YES;
				CLANG_WARN_UNGUARDED_AVAILABILITY = YES_AGGRESSIVE;
				CLANG_WARN_UNREACHABLE_CODE = YES;
				CLANG_WARN__DUPLICATE_METHOD_MATCH = YES;
				COPY_PHASE_STRIP = NO;
				DEBUG_INFORMATION_FORMAT = dwarf;
				ENABLE_STRICT_OBJC_MSGSEND = YES;
				ENABLE_TESTABILITY = YES;
				ENABLE_USER_SCRIPT_SANDBOXING = YES;
				GCC_C_LANGUAGE_STANDARD = gnu17;
				GCC_DYNAMIC_NO_PIC = NO;
				GCC_NO_COMMON_BLOCKS = YES;
				GCC_OPTIMIZATION_LEVEL = 0;
				GCC_PREPROCESSOR_DEFINITIONS = (
					"DEBUG=1",
					"$(inherited)",
				);
				GCC_WARN_64_TO_32_BIT_CONVERSION = YES;
				GCC_WARN_ABOUT_RETURN_TYPE = YES_ERROR;
				GCC_WARN_UNDECLARED_SELECTOR = YES;
				GCC_WARN_UNINITIALIZED_AUTOS = YES_AGGRESSIVE;
				GCC_WARN_UNUSED_FUNCTION = YES;
				GCC_WARN_UNUSED_VARIABLE = YES;
				IPHONEOS_DEPLOYMENT_TARGET = 18.1;
				LOCALIZATION_PREFERS_STRING_CATALOGS = YES;
				MTL_ENABLE_DEBUG_INFO = INCLUDE_SOURCE;
				MTL_FAST_MATH = YES;
				ONLY_ACTIVE_ARCH = YES;
				SDKROOT = iphoneos;
				SWIFT_ACTIVE_COMPILATION_CONDITIONS = "DEBUG $(inherited)";
				SWIFT_OPTIMIZATION_LEVEL = "-Onone";
			};
			name = Debug;
		};
		9FE7227B2CDCF86900EF907C /* Release */ = {
			isa = XCBuildConfiguration;
			buildSettings = {
				ALWAYS_SEARCH_USER_PATHS = NO;
				ASSETCATALOG_COMPILER_GENERATE_SWIFT_ASSET_SYMBOL_EXTENSIONS = YES;
				CLANG_ANALYZER_NONNULL = YES;
				CLANG_ANALYZER_NUMBER_OBJECT_CONVERSION = YES_AGGRESSIVE;
				CLANG_CXX_LANGUAGE_STANDARD = "gnu++20";
				CLANG_ENABLE_MODULES = YES;
				CLANG_ENABLE_OBJC_ARC = YES;
				CLANG_ENABLE_OBJC_WEAK = YES;
				CLANG_WARN_BLOCK_CAPTURE_AUTORELEASING = YES;
				CLANG_WARN_BOOL_CONVERSION = YES;
				CLANG_WARN_COMMA = YES;
				CLANG_WARN_CONSTANT_CONVERSION = YES;
				CLANG_WARN_DEPRECATED_OBJC_IMPLEMENTATIONS = YES;
				CLANG_WARN_DIRECT_OBJC_ISA_USAGE = YES_ERROR;
				CLANG_WARN_DOCUMENTATION_COMMENTS = YES;
				CLANG_WARN_EMPTY_BODY = YES;
				CLANG_WARN_ENUM_CONVERSION = YES;
				CLANG_WARN_INFINITE_RECURSION = YES;
				CLANG_WARN_INT_CONVERSION = YES;
				CLANG_WARN_NON_LITERAL_NULL_CONVERSION = YES;
				CLANG_WARN_OBJC_IMPLICIT_RETAIN_SELF = YES;
				CLANG_WARN_OBJC_LITERAL_CONVERSION = YES;
				CLANG_WARN_OBJC_ROOT_CLASS = YES_ERROR;
				CLANG_WARN_QUOTED_INCLUDE_IN_FRAMEWORK_HEADER = YES;
				CLANG_WARN_RANGE_LOOP_ANALYSIS = YES;
				CLANG_WARN_STRICT_PROTOTYPES = YES;
				CLANG_WARN_SUSPICIOUS_MOVE = YES;
				CLANG_WARN_UNGUARDED_AVAILABILITY = YES_AGGRESSIVE;
				CLANG_WARN_UNREACHABLE_CODE = YES;
				CLANG_WARN__DUPLICATE_METHOD_MATCH = YES;
				COPY_PHASE_STRIP = NO;
				DEBUG_INFORMATION_FORMAT = "dwarf-with-dsym";
				ENABLE_NS_ASSERTIONS = NO;
				ENABLE_STRICT_OBJC_MSGSEND = YES;
				ENABLE_USER_SCRIPT_SANDBOXING = YES;
				GCC_C_LANGUAGE_STANDARD = gnu17;
				GCC_NO_COMMON_BLOCKS = YES;
				GCC_WARN_64_TO_32_BIT_CONVERSION = YES;
				GCC_WARN_ABOUT_RETURN_TYPE = YES_ERROR;
				GCC_WARN_UNDECLARED_SELECTOR = YES;
				GCC_WARN_UNINITIALIZED_AUTOS = YES_AGGRESSIVE;
				GCC_WARN_UNUSED_FUNCTION = YES;
				GCC_WARN_UNUSED_VARIABLE = YES;
				IPHONEOS_DEPLOYMENT_TARGET = 18.1;
				LOCALIZATION_PREFERS_STRING_CATALOGS = YES;
				MTL_ENABLE_DEBUG_INFO = NO;
				MTL_FAST_MATH = YES;
				SDKROOT = iphoneos;
				SWIFT_COMPILATION_MODE = wholemodule;
				VALIDATE_PRODUCT = YES;
			};
			name = Release;
		};
		9FE7227D2CDCF86900EF907C /* Debug */ = {
			isa = XCBuildConfiguration;
			buildSettings = {
				ASSETCATALOG_COMPILER_APPICON_NAME = AppIcon;
				ASSETCATALOG_COMPILER_GLOBAL_ACCENT_COLOR_NAME = AccentColor;
				CODE_SIGN_ENTITLEMENTS = SubbMe/SubbMe.entitlements;
				CODE_SIGN_STYLE = Automatic;
				CURRENT_PROJECT_VERSION = 1;
				DEVELOPMENT_ASSET_PATHS = "\"SubbMe/Preview Content\"";
				DEVELOPMENT_TEAM = 42K3XR96WP;
				ENABLE_PREVIEWS = YES;
				GENERATE_INFOPLIST_FILE = YES;
				INFOPLIST_FILE = SubbMe/Info.plist;
				INFOPLIST_KEY_UIApplicationSceneManifest_Generation = YES;
				INFOPLIST_KEY_UIApplicationSupportsIndirectInputEvents = YES;
				INFOPLIST_KEY_UISupportedInterfaceOrientations_iPad = "UIInterfaceOrientationPortrait UIInterfaceOrientationPortraitUpsideDown UIInterfaceOrientationLandscapeLeft UIInterfaceOrientationLandscapeRight";
				INFOPLIST_KEY_UISupportedInterfaceOrientations_iPhone = "UIInterfaceOrientationPortrait UIInterfaceOrientationLandscapeLeft UIInterfaceOrientationLandscapeRight";
				LD_RUNPATH_SEARCH_PATHS = (
					"$(inherited)",
					"@executable_path/Frameworks",
				);
				MARKETING_VERSION = 1.0;
				PRODUCT_BUNDLE_IDENTIFIER = com.wojciechkoziol.SubbMe;
				PRODUCT_NAME = "$(TARGET_NAME)";
				SWIFT_EMIT_LOC_STRINGS = YES;
				SWIFT_VERSION = 5.0;
				TARGETED_DEVICE_FAMILY = "1,2";
			};
			name = Debug;
		};
		9FE7227E2CDCF86900EF907C /* Release */ = {
			isa = XCBuildConfiguration;
			buildSettings = {
				ASSETCATALOG_COMPILER_APPICON_NAME = AppIcon;
				ASSETCATALOG_COMPILER_GLOBAL_ACCENT_COLOR_NAME = AccentColor;
				CODE_SIGN_ENTITLEMENTS = SubbMe/SubbMe.entitlements;
				CODE_SIGN_STYLE = Automatic;
				CURRENT_PROJECT_VERSION = 1;
				DEVELOPMENT_ASSET_PATHS = "\"SubbMe/Preview Content\"";
				DEVELOPMENT_TEAM = 42K3XR96WP;
				ENABLE_PREVIEWS = YES;
				GENERATE_INFOPLIST_FILE = YES;
				INFOPLIST_FILE = SubbMe/Info.plist;
				INFOPLIST_KEY_UIApplicationSceneManifest_Generation = YES;
				INFOPLIST_KEY_UIApplicationSupportsIndirectInputEvents = YES;
				INFOPLIST_KEY_UISupportedInterfaceOrientations_iPad = "UIInterfaceOrientationPortrait UIInterfaceOrientationPortraitUpsideDown UIInterfaceOrientationLandscapeLeft UIInterfaceOrientationLandscapeRight";
				INFOPLIST_KEY_UISupportedInterfaceOrientations_iPhone = "UIInterfaceOrientationPortrait UIInterfaceOrientationLandscapeLeft UIInterfaceOrientationLandscapeRight";
				LD_RUNPATH_SEARCH_PATHS = (
					"$(inherited)",
					"@executable_path/Frameworks",
				);
				MARKETING_VERSION = 1.0;
				PRODUCT_BUNDLE_IDENTIFIER = com.wojciechkoziol.SubbMe;
				PRODUCT_NAME = "$(TARGET_NAME)";
				SWIFT_EMIT_LOC_STRINGS = YES;
				SWIFT_VERSION = 5.0;
				TARGETED_DEVICE_FAMILY = "1,2";
			};
			name = Release;
		};
/* End XCBuildConfiguration section */

/* Begin XCConfigurationList section */
		9F12B5542CF5C3CC0018C2E7 /* Build configuration list for PBXNativeTarget "SubbMeWidgetExtension" */ = {
			isa = XCConfigurationList;
			buildConfigurations = (
				9F12B5522CF5C3CC0018C2E7 /* Debug */,
				9F12B5532CF5C3CC0018C2E7 /* Release */,
			);
			defaultConfigurationIsVisible = 0;
			defaultConfigurationName = Release;
		};
		9FE722692CDCF86800EF907C /* Build configuration list for PBXProject "SubbMe" */ = {
			isa = XCConfigurationList;
			buildConfigurations = (
				9FE7227A2CDCF86900EF907C /* Debug */,
				9FE7227B2CDCF86900EF907C /* Release */,
			);
			defaultConfigurationIsVisible = 0;
			defaultConfigurationName = Release;
		};
		9FE7227C2CDCF86900EF907C /* Build configuration list for PBXNativeTarget "SubbMe" */ = {
			isa = XCConfigurationList;
			buildConfigurations = (
				9FE7227D2CDCF86900EF907C /* Debug */,
				9FE7227E2CDCF86900EF907C /* Release */,
			);
			defaultConfigurationIsVisible = 0;
			defaultConfigurationName = Release;
		};
/* End XCConfigurationList section */

/* Begin XCRemoteSwiftPackageReference section */
		9F40ECDB2CE6130600CA596A /* XCRemoteSwiftPackageReference "ios-supervalidator" */ = {
			isa = XCRemoteSwiftPackageReference;
			repositoryURL = "https://github.com/tokopedia/ios-supervalidator";
			requirement = {
				kind = upToNextMajorVersion;
				minimumVersion = 0.1.1;
			};
		};
		9F998EC12CF0AC0000DFFB7C /* XCRemoteSwiftPackageReference "Factory" */ = {
			isa = XCRemoteSwiftPackageReference;
			repositoryURL = "https://github.com/hmlongco/Factory";
			requirement = {
				kind = upToNextMajorVersion;
				minimumVersion = 2.4.1;
			};
		};
		9F998F8A2CF1F95500DFFB7C /* XCRemoteSwiftPackageReference "keychain-swift" */ = {
			isa = XCRemoteSwiftPackageReference;
			repositoryURL = "https://github.com/evgenyneu/keychain-swift";
			requirement = {
				kind = upToNextMajorVersion;
				minimumVersion = 24.0.0;
			};
		};
/* End XCRemoteSwiftPackageReference section */

/* Begin XCSwiftPackageProductDependency section */
		9F40ECDC2CE6130600CA596A /* SuperValidator */ = {
			isa = XCSwiftPackageProductDependency;
			package = 9F40ECDB2CE6130600CA596A /* XCRemoteSwiftPackageReference "ios-supervalidator" */;
			productName = SuperValidator;
		};
		9F998EC22CF0AC0000DFFB7C /* Factory */ = {
			isa = XCSwiftPackageProductDependency;
			package = 9F998EC12CF0AC0000DFFB7C /* XCRemoteSwiftPackageReference "Factory" */;
			productName = Factory;
		};
		9F998F8B2CF1F95500DFFB7C /* KeychainSwift */ = {
			isa = XCSwiftPackageProductDependency;
			package = 9F998F8A2CF1F95500DFFB7C /* XCRemoteSwiftPackageReference "keychain-swift" */;
			productName = KeychainSwift;
		};
/* End XCSwiftPackageProductDependency section */
	};
	rootObject = 9FE722662CDCF86800EF907C /* Project object */;
}
